
Microsoft Visual Studio Solution File, Format Version 12.00
# Visual Studio 15
VisualStudioVersion = 15.0.27130.2010
MinimumVisualStudioVersion = 15.0.26124.0
Project("{2150E333-8FDC-42A3-9474-1A3956D46DE8}") = "BooksAndMore.Identity", "BooksAndMore.Identity", "{B3B7BB8F-1D44-4B6B-B2D8-B9058C0167DF}"
EndProject
Project("{2150E333-8FDC-42A3-9474-1A3956D46DE8}") = "BooksAndMore.Catalogue", "BooksAndMore.Catalogue", "{5D947D18-4105-4BED-B19E-D8614B69C397}"
EndProject
Project("{2150E333-8FDC-42A3-9474-1A3956D46DE8}") = "BooksAndMore.Sales", "BooksAndMore.Sales", "{C3504CC6-482B-4D84-92B6-18D4F4EC6686}"
EndProject
Global
	GlobalSection(SolutionConfigurationPlatforms) = preSolution
		Debug|Any CPU = Debug|Any CPU
		Debug|x64 = Debug|x64
		Debug|x86 = Debug|x86
		Release|Any CPU = Release|Any CPU
		Release|x64 = Release|x64
		Release|x86 = Release|x86
	EndGlobalSection
	GlobalSection(SolutionProperties) = preSolution
		HideSolutionNode = FALSE
	EndGlobalSection
	GlobalSection(ExtensibilityGlobals) = postSolution
		SolutionGuid = {B398FD62-6C32-4075-B4AB-232869F93A9F}
	EndGlobalSection
EndGlobal
